Microsoft Visual Studio Solution File, Format Version 12.00
# Visual Studio Version 17
VisualStudioVersion = 17.5.2.0
MinimumVisualStudioVersion = 10.0.40219.1
Project("{FAE04EC0-301F-11D3-BF4B-00C04F79EFBC}") = "AirBnb-Backend", "AirBnb-Backend\AirBnb-Backend.csproj", "{1470DBBF-E09B-1D36-10BD-68C0C95CB561}"
EndProject
Global
	GlobalSection(SolutionConfigurationPlatforms) = preSolution
		Debug|Any CPU = Debug|Any CPU
		Release|Any CPU = Release|Any CPU
	EndGlobalSection
	GlobalSection(ProjectConfigurationPlatforms) = postSolution
		{1470DBBF-E09B-1D36-10BD-68C0C95CB561}.Debug|Any CPU.ActiveCfg = Debug|Any CPU
		{1470DBBF-E09B-1D36-10BD-68C0C95CB561}.Debug|Any CPU.Build.0 = Debug|Any CPU
		{1470DBBF-E09B-1D36-10BD-68C0C95CB561}.Release|Any CPU.ActiveCfg = Release|Any CPU
		{1470DBBF-E09B-1D36-10BD-68C0C95CB561}.Release|Any CPU.Build.0 = Release|Any CPU
	EndGlobalSection
	GlobalSection(SolutionProperties) = preSolution
		HideSolutionNode = FALSE
	EndGlobalSection
	GlobalSection(ExtensibilityGlobals) = postSolution
		SolutionGuid = {85BAC7FA-E27A-4978-B8AA-686ED4B96FC4}
	EndGlobalSection
EndGlobal
